
Microsoft Visual Studio Solution File, Format Version 12.00
# Visual Studio Version 16
VisualStudioVersion = 16.0.30225.117
MinimumVisualStudioVersion = 10.0.40219.1
Project("{9A19103F-16F7-4668-BE54-9A1E7A4F7556}") = "MasterSharpOpen.Client", "MasterSharpOpen\Client\MasterSharpOpen.Client.csproj", "{A9AAD2DC-3935-414E-A51A-8F22F604273A}"
EndProject
Project("{9A19103F-16F7-4668-BE54-9A1E7A4F7556}") = "MasterSharpOpen.Shared", "MasterSharpOpen\Shared\MasterSharpOpen.Shared.csproj", "{D913FBC6-5ABC-4331-9532-12ED2E788B79}"
EndProject
Global
	GlobalSection(SolutionConfigurationPlatforms) = preSolution
		Debug|Any CPU = Debug|Any CPU
		Release|Any CPU = Release|Any CPU
	EndGlobalSection
	GlobalSection(ProjectConfigurationPlatforms) = postSolution
		{A9AAD2DC-3935-414E-A51A-8F22F604273A}.Debug|Any CPU.ActiveCfg = Debug|Any CPU
		{A9AAD2DC-3935-414E-A51A-8F22F604273A}.Debug|Any CPU.Build.0 = Debug|Any CPU
		{A9AAD2DC-3935-414E-A51A-8F22F604273A}.Release|Any CPU.ActiveCfg = Release|Any CPU
		{A9AAD2DC-3935-414E-A51A-8F22F604273A}.Release|Any CPU.Build.0 = Release|Any CPU
		{D913FBC6-5ABC-4331-9532-12ED2E788B79}.Debug|Any CPU.ActiveCfg = Debug|Any CPU
		{D913FBC6-5ABC-4331-9532-12ED2E788B79}.Debug|Any CPU.Build.0 = Debug|Any CPU
		{D913FBC6-5ABC-4331-9532-12ED2E788B79}.Release|Any CPU.ActiveCfg = Release|Any CPU
		{D913FBC6-5ABC-4331-9532-12ED2E788B79}.Release|Any CPU.Build.0 = Release|Any CPU
	EndGlobalSection
	GlobalSection(SolutionProperties) = preSolution
		HideSolutionNode = FALSE
	EndGlobalSection
	GlobalSection(ExtensibilityGlobals) = postSolution
		SolutionGuid = {0B333D88-6CC4-45D7-9148-BDECDB0249B0}
	EndGlobalSection
EndGlobal
